// !$*UTF8*$!
{
	archiveVersion = 1;
	classes = {
	};
	objectVersion = 48;
	objects = {

/* Begin PBXBuildFile section */
		5E2265542017A242006E63A1 /* AppDelegate.swift in Sources */ = {isa = PBXBuildFile; fileRef = 5E22654D2017A242006E63A1 /* AppDelegate.swift */; };
		5E2265552017A242006E63A1 /* AppDelegate.swift in Sources */ = {isa = PBXBuildFile; fileRef = 5E22654D2017A242006E63A1 /* AppDelegate.swift */; };
		5E2265562017A242006E63A1 /* Assets.xcassets in Resources */ = {isa = PBXBuildFile; fileRef = 5E22654E2017A242006E63A1 /* Assets.xcassets */; };
		5E2265572017A242006E63A1 /* Assets.xcassets in Resources */ = {isa = PBXBuildFile; fileRef = 5E22654E2017A242006E63A1 /* Assets.xcassets */; };
		5E2265582017A242006E63A1 /* LaunchScreen.storyboard in Resources */ = {isa = PBXBuildFile; fileRef = 5E22654F2017A242006E63A1 /* LaunchScreen.storyboard */; };
		5E2265592017A242006E63A1 /* LaunchScreen.storyboard in Resources */ = {isa = PBXBuildFile; fileRef = 5E22654F2017A242006E63A1 /* LaunchScreen.storyboard */; };
		5E22655A2017A242006E63A1 /* Main.storyboard in Resources */ = {isa = PBXBuildFile; fileRef = 5E2265512017A242006E63A1 /* Main.storyboard */; };
		5E22655B2017A242006E63A1 /* Main.storyboard in Resources */ = {isa = PBXBuildFile; fileRef = 5E2265512017A242006E63A1 /* Main.storyboard */; };
		5E22655C2017A242006E63A1 /* ViewController.swift in Sources */ = {isa = PBXBuildFile; fileRef = 5E2265532017A242006E63A1 /* ViewController.swift */; };
		5E22655D2017A242006E63A1 /* ViewController.swift in Sources */ = {isa = PBXBuildFile; fileRef = 5E2265532017A242006E63A1 /* ViewController.swift */; };
		5E2265622017A340006E63A1 /* Observed.swift in Sources */ = {isa = PBXBuildFile; fileRef = 5E2265612017A340006E63A1 /* Observed.swift */; };
		5E2265632017A340006E63A1 /* Observed.swift in Sources */ = {isa = PBXBuildFile; fileRef = 5E2265612017A340006E63A1 /* Observed.swift */; };
		5E2265662017A370006E63A1 /* ObserverManager.swift in Sources */ = {isa = PBXBuildFile; fileRef = 5E2265642017A370006E63A1 /* ObserverManager.swift */; };
		5E22656B2017A44E006E63A1 /* ObserverManager.swift in Sources */ = {isa = PBXBuildFile; fileRef = 5E22656A2017A44E006E63A1 /* ObserverManager.swift */; };
		5E7E37362017A0D40023F3F3 /* Info.plist in Resources */ = {isa = PBXBuildFile; fileRef = 5E793F272017A05200495830 /* Info.plist */; };
/* End PBXBuildFile section */

/* Begin PBXFileReference section */
		5E22654D2017A242006E63A1 /* AppDelegate.swift */ = {isa = PBXFileReference; fileEncoding = 4; lastKnownFileType = sourcecode.swift; path = AppDelegate.swift; sourceTree = "<group>"; };
		5E22654E2017A242006E63A1 /* Assets.xcassets */ = {isa = PBXFileReference; lastKnownFileType = folder.assetcatalog; path = Assets.xcassets; sourceTree = "<group>"; };
		5E2265502017A242006E63A1 /* Base */ = {isa = PBXFileReference; lastKnownFileType = file.storyboard; name = Base; path = Base.lproj/LaunchScreen.storyboard; sourceTree = "<group>"; };
		5E2265522017A242006E63A1 /* Base */ = {isa = PBXFileReference; lastKnownFileType = file.storyboard; name = Base; path = Base.lproj/Main.storyboard; sourceTree = "<group>"; };
		5E2265532017A242006E63A1 /* ViewController.swift */ = {isa = PBXFileReference; fileEncoding = 4; lastKnownFileType = sourcecode.swift; path = ViewController.swift; sourceTree = "<group>"; };
		5E2265612017A340006E63A1 /* Observed.swift */ = {isa = PBXFileReference; lastKnownFileType = sourcecode.swift; path = Observed.swift; sourceTree = "<group>"; };
		5E2265642017A370006E63A1 /* ObserverManager.swift */ = {isa = PBXFileReference; lastKnownFileType = sourcecode.swift; path = ObserverManager.swift; sourceTree = "<group>"; };
		5E22656A2017A44E006E63A1 /* ObserverManager.swift */ = {isa = PBXFileReference; lastKnownFileType = sourcecode.swift; path = ObserverManager.swift; sourceTree = "<group>"; };
		5E793EF520179FB300495830 /* Swift4.app */ = {isa = PBXFileReference; explicitFileType = wrapper.application; includeInIndex = 0; path = Swift4.app; sourceTree = BUILT_PRODUCTS_DIR; };
		5E793F0E2017A02400495830 /* Swift3.app */ = {isa = PBXFileReference; explicitFileType = wrapper.application; includeInIndex = 0; path = Swift3.app; sourceTree = BUILT_PRODUCTS_DIR; };
		5E793F1C2017A02400495830 /* Info.plist */ = {isa = PBXFileReference; lastKnownFileType = text.plist.xml; path = Info.plist; sourceTree = "<group>"; };
		5E793F272017A05200495830 /* Info.plist */ = {isa = PBXFileReference; fileEncoding = 4; lastKnownFileType = text.plist.xml; path = Info.plist; sourceTree = "<group>"; };
/* End PBXFileReference section */

/* Begin PBXFrameworksBuildPhase section */
		5E793EF220179FB300495830 /* Frameworks */ = {
			isa = PBXFrameworksBuildPhase;
			buildActionMask = 2147483647;
			files = (
			);
			runOnlyForDeploymentPostprocessing = 0;
		};
		5E793F0B2017A02400495830 /* Frameworks */ = {
			isa = PBXFrameworksBuildPhase;
			buildActionMask = 2147483647;
			files = (
			);
			runOnlyForDeploymentPostprocessing = 0;
		};
/* End PBXFrameworksBuildPhase section */

/* Begin PBXGroup section */
		5E22654C2017A242006E63A1 /* Common */ = {
			isa = PBXGroup;
			children = (
				5E22654D2017A242006E63A1 /* AppDelegate.swift */,
				5E22654E2017A242006E63A1 /* Assets.xcassets */,
				5E22654F2017A242006E63A1 /* LaunchScreen.storyboard */,
				5E2265512017A242006E63A1 /* Main.storyboard */,
				5E2265532017A242006E63A1 /* ViewController.swift */,
				5E2265612017A340006E63A1 /* Observed.swift */,
			);
			path = Common;
			sourceTree = "<group>";
		};
		5E793EEC20179FB300495830 = {
			isa = PBXGroup;
			children = (
				5E22654C2017A242006E63A1 /* Common */,
				5E793F202017A05200495830 /* Swift4 */,
				5E793F0F2017A02400495830 /* Swift3 */,
				5E793EF620179FB300495830 /* Products */,
			);
			sourceTree = "<group>";
		};
		5E793EF620179FB300495830 /* Products */ = {
			isa = PBXGroup;
			children = (
				5E793EF520179FB300495830 /* Swift4.app */,
				5E793F0E2017A02400495830 /* Swift3.app */,
			);
			name = Products;
			sourceTree = "<group>";
		};
		5E793F0F2017A02400495830 /* Swift3 */ = {
			isa = PBXGroup;
			children = (
				5E793F1C2017A02400495830 /* Info.plist */,
				5E2265642017A370006E63A1 /* ObserverManager.swift */,
			);
			path = Swift3;
			sourceTree = "<group>";
		};
		5E793F202017A05200495830 /* Swift4 */ = {
			isa = PBXGroup;
			children = (
				5E793F272017A05200495830 /* Info.plist */,
				5E22656A2017A44E006E63A1 /* ObserverManager.swift */,
			);
			path = Swift4;
			sourceTree = "<group>";
		};
/* End PBXGroup section */

/* Begin PBXNativeTarget section */
		5E793EF420179FB300495830 /* Swift4 */ = {
			isa = PBXNativeTarget;
			buildConfigurationList = 5E793F0720179FB300495830 /* Build configuration list for PBXNativeTarget "Swift4" */;
			buildPhases = (
				5E793EF120179FB300495830 /* Sources */,
				5E793EF220179FB300495830 /* Frameworks */,
				5E793EF320179FB300495830 /* Resources */,
			);
			buildRules = (
			);
			dependencies = (
			);
			name = Swift4;
			productName = KVO;
			productReference = 5E793EF520179FB300495830 /* Swift4.app */;
			productType = "com.apple.product-type.application";
		};
		5E793F0D2017A02400495830 /* Swift3 */ = {
			isa = PBXNativeTarget;
			buildConfigurationList = 5E793F1D2017A02400495830 /* Build configuration list for PBXNativeTarget "Swift3" */;
			buildPhases = (
				5E793F0A2017A02400495830 /* Sources */,
				5E793F0B2017A02400495830 /* Frameworks */,
				5E793F0C2017A02400495830 /* Resources */,
			);
			buildRules = (
			);
			dependencies = (
			);
			name = Swift3;
			productName = Swift3;
			productReference = 5E793F0E2017A02400495830 /* Swift3.app */;
			productType = "com.apple.product-type.application";
		};
/* End PBXNativeTarget section */

/* Begin PBXProject section */
		5E793EED20179FB300495830 /* Project object */ = {
			isa = PBXProject;
			attributes = {
				LastSwiftUpdateCheck = 0920;
				LastUpgradeCheck = 0920;
				ORGANIZATIONNAME = aguilarpgc;
				TargetAttributes = {
					5E793EF420179FB300495830 = {
						CreatedOnToolsVersion = 9.2;
						LastSwiftMigration = 0920;
						ProvisioningStyle = Automatic;
					};
					5E793F0D2017A02400495830 = {
						CreatedOnToolsVersion = 9.2;
						LastSwiftMigration = 0920;
						ProvisioningStyle = Automatic;
					};
				};
			};
			buildConfigurationList = 5E793EF020179FB300495830 /* Build configuration list for PBXProject "KVO" */;
			compatibilityVersion = "Xcode 8.0";
			developmentRegion = en;
			hasScannedForEncodings = 0;
			knownRegions = (
				en,
				Base,
			);
			mainGroup = 5E793EEC20179FB300495830;
			productRefGroup = 5E793EF620179FB300495830 /* Products */;
			projectDirPath = "";
			projectRoot = "";
			targets = (
				5E793EF420179FB300495830 /* Swift4 */,
				5E793F0D2017A02400495830 /* Swift3 */,
			);
		};
/* End PBXProject section */

/* Begin PBXResourcesBuildPhase section */
		5E793EF320179FB300495830 /* Resources */ = {
			isa = PBXResourcesBuildPhase;
			buildActionMask = 2147483647;
			files = (
				5E2265582017A242006E63A1 /* LaunchScreen.storyboard in Resources */,
				5E2265562017A242006E63A1 /* Assets.xcassets in Resources */,
				5E7E37362017A0D40023F3F3 /* Info.plist in Resources */,
				5E22655A2017A242006E63A1 /* Main.storyboard in Resources */,
			);
			runOnlyForDeploymentPostprocessing = 0;
		};
		5E793F0C2017A02400495830 /* Resources */ = {
			isa = PBXResourcesBuildPhase;
			buildActionMask = 2147483647;
			files = (
				5E22655B2017A242006E63A1 /* Main.storyboard in Resources */,
				5E2265572017A242006E63A1 /* Assets.xcassets in Resources */,
				5E2265592017A242006E63A1 /* LaunchScreen.storyboard in Resources */,
			);
			runOnlyForDeploymentPostprocessing = 0;
		};
/* End PBXResourcesBuildPhase section */

/* Begin PBXSourcesBuildPhase section */
		5E793EF120179FB300495830 /* Sources */ = {
			isa = PBXSourcesBuildPhase;
			buildActionMask = 2147483647;
			files = (
				5E22655C2017A242006E63A1 /* ViewController.swift in Sources */,
				5E22656B2017A44E006E63A1 /* ObserverManager.swift in Sources */,
				5E2265622017A340006E63A1 /* Observed.swift in Sources */,
				5E2265542017A242006E63A1 /* AppDelegate.swift in Sources */,
			);
			runOnlyForDeploymentPostprocessing = 0;
		};
		5E793F0A2017A02400495830 /* Sources */ = {
			isa = PBXSourcesBuildPhase;
			buildActionMask = 2147483647;
			files = (
				5E22655D2017A242006E63A1 /* ViewController.swift in Sources */,
				5E2265632017A340006E63A1 /* Observed.swift in Sources */,
				5E2265552017A242006E63A1 /* AppDelegate.swift in Sources */,
				5E2265662017A370006E63A1 /* ObserverManager.swift in Sources */,
			);
			runOnlyForDeploymentPostprocessing = 0;
		};
/* End PBXSourcesBuildPhase section */

/* Begin PBXVariantGroup section */
		5E22654F2017A242006E63A1 /* LaunchScreen.storyboard */ = {
			isa = PBXVariantGroup;
			children = (
				5E2265502017A242006E63A1 /* Base */,
			);
			name = LaunchScreen.storyboard;
			sourceTree = "<group>";
		};
		5E2265512017A242006E63A1 /* Main.storyboard */ = {
			isa = PBXVariantGroup;
			children = (
				5E2265522017A242006E63A1 /* Base */,
			);
			name = Main.storyboard;
			sourceTree = "<group>";
		};
/* End PBXVariantGroup section */

/* Begin XCBuildConfiguration section */
		5E793F0520179FB300495830 /* Debug */ = {
			isa = XCBuildConfiguration;
			buildSettings = {
				ALWAYS_SEARCH_USER_PATHS = NO;
				CLANG_ANALYZER_NONNULL = YES;
				CLANG_ANALYZER_NUMBER_OBJECT_CONVERSION = YES_AGGRESSIVE;
				CLANG_CXX_LANGUAGE_STANDARD = "gnu++14";
				CLANG_CXX_LIBRARY = "libc++";
				CLANG_ENABLE_MODULES = YES;
				CLANG_ENABLE_OBJC_ARC = YES;
				CLANG_WARN_BLOCK_CAPTURE_AUTORELEASING = YES;
				CLANG_WARN_BOOL_CONVERSION = YES;
				CLANG_WARN_COMMA = YES;
				CLANG_WARN_CONSTANT_CONVERSION = YES;
				CLANG_WARN_DIRECT_OBJC_ISA_USAGE = YES_ERROR;
				CLANG_WARN_DOCUMENTATION_COMMENTS = YES;
				CLANG_WARN_EMPTY_BODY = YES;
				CLANG_WARN_ENUM_CONVERSION = YES;
				CLANG_WARN_INFINITE_RECURSION = YES;
				CLANG_WARN_INT_CONVERSION = YES;
				CLANG_WARN_NON_LITERAL_NULL_CONVERSION = YES;
				CLANG_WARN_OBJC_LITERAL_CONVERSION = YES;
				CLANG_WARN_OBJC_ROOT_CLASS = YES_ERROR;
				CLANG_WARN_RANGE_LOOP_ANALYSIS = YES;
				CLANG_WARN_STRICT_PROTOTYPES = YES;
				CLANG_WARN_SUSPICIOUS_MOVE = YES;
				CLANG_WARN_UNGUARDED_AVAILABILITY = YES_AGGRESSIVE;
				CLANG_WARN_UNREACHABLE_CODE = YES;
				CLANG_WARN__DUPLICATE_METHOD_MATCH = YES;
				CODE_SIGN_IDENTITY = "iPhone Developer";
				COPY_PHASE_STRIP = NO;
				DEBUG_INFORMATION_FORMAT = dwarf;
				ENABLE_STRICT_OBJC_MSGSEND = YES;
				ENABLE_TESTABILITY = YES;
				GCC_C_LANGUAGE_STANDARD = gnu11;
				GCC_DYNAMIC_NO_PIC = NO;
				GCC_NO_COMMON_BLOCKS = YES;
				GCC_OPTIMIZATION_LEVEL = 0;
				GCC_PREPROCESSOR_DEFINITIONS = (
					"DEBUG=1",
					"$(inherited)",
				);
				GCC_WARN_64_TO_32_BIT_CONVERSION = YES;
				GCC_WARN_ABOUT_RETURN_TYPE = YES_ERROR;
				GCC_WARN_UNDECLARED_SELECTOR = YES;
				GCC_WARN_UNINITIALIZED_AUTOS = YES_AGGRESSIVE;
				GCC_WARN_UNUSED_FUNCTION = YES;
				GCC_WARN_UNUSED_VARIABLE = YES;
				IPHONEOS_DEPLOYMENT_TARGET = 11.2;
				MTL_ENABLE_DEBUG_INFO = YES;
				ONLY_ACTIVE_ARCH = YES;
				SDKROOT = iphoneos;
				SWIFT_ACTIVE_COMPILATION_CONDITIONS = DEBUG;
				SWIFT_OPTIMIZATION_LEVEL = "-Onone";
			};
			name = Debug;
		};
		5E793F0620179FB300495830 /* Release */ = {
			isa = XCBuildConfiguration;
			buildSettings = {
				ALWAYS_SEARCH_USER_PATHS = NO;
				CLANG_ANALYZER_NONNULL = YES;
				CLANG_ANALYZER_NUMBER_OBJECT_CONVERSION = YES_AGGRESSIVE;
				CLANG_CXX_LANGUAGE_STANDARD = "gnu++14";
				CLANG_CXX_LIBRARY = "libc++";
				CLANG_ENABLE_MODULES = YES;
				CLANG_ENABLE_OBJC_ARC = YES;
				CLANG_WARN_BLOCK_CAPTURE_AUTORELEASING = YES;
				CLANG_WARN_BOOL_CONVERSION = YES;
				CLANG_WARN_COMMA = YES;
				CLANG_WARN_CONSTANT_CONVERSION = YES;
				CLANG_WARN_DIRECT_OBJC_ISA_USAGE = YES_ERROR;
				CLANG_WARN_DOCUMENTATION_COMMENTS = YES;
				CLANG_WARN_EMPTY_BODY = YES;
				CLANG_WARN_ENUM_CONVERSION = YES;
				CLANG_WARN_INFINITE_RECURSION = YES;
				CLANG_WARN_INT_CONVERSION = YES;
				CLANG_WARN_NON_LITERAL_NULL_CONVERSION = YES;
				CLANG_WARN_OBJC_LITERAL_CONVERSION = YES;
				CLANG_WARN_OBJC_ROOT_CLASS = YES_ERROR;
				CLANG_WARN_RANGE_LOOP_ANALYSIS = YES;
				CLANG_WARN_STRICT_PROTOTYPES = YES;
				CLANG_WARN_SUSPICIOUS_MOVE = YES;
				CLANG_WARN_UNGUARDED_AVAILABILITY = YES_AGGRESSIVE;
				CLANG_WARN_UNREACHABLE_CODE = YES;
				CLANG_WARN__DUPLICATE_METHOD_MATCH = YES;
				CODE_SIGN_IDENTITY = "iPhone Developer";
				COPY_PHASE_STRIP = NO;
				DEBUG_INFORMATION_FORMAT = "dwarf-with-dsym";
				ENABLE_NS_ASSERTIONS = NO;
				ENABLE_STRICT_OBJC_MSGSEND = YES;
				GCC_C_LANGUAGE_STANDARD = gnu11;
				GCC_NO_COMMON_BLOCKS = YES;
				GCC_WARN_64_TO_32_BIT_CONVERSION = YES;
				GCC_WARN_ABOUT_RETURN_TYPE = YES_ERROR;
				GCC_WARN_UNDECLARED_SELECTOR = YES;
				GCC_WARN_UNINITIALIZED_AUTOS = YES_AGGRESSIVE;
				GCC_WARN_UNUSED_FUNCTION = YES;
				GCC_WARN_UNUSED_VARIABLE = YES;
				IPHONEOS_DEPLOYMENT_TARGET = 11.2;
				MTL_ENABLE_DEBUG_INFO = NO;
				SDKROOT = iphoneos;
				SWIFT_OPTIMIZATION_LEVEL = "-Owholemodule";
				VALIDATE_PRODUCT = YES;
			};
			name = Release;
		};
		5E793F0820179FB300495830 /* Debug */ = {
			isa = XCBuildConfiguration;
			buildSettings = {
				ASSETCATALOG_COMPILER_APPICON_NAME = AppIcon;
				CLANG_ENABLE_MODULES = YES;
				CODE_SIGN_STYLE = Automatic;
				DEVELOPMENT_TEAM = F53VDDUPLX;
				INFOPLIST_FILE = "$(SRCROOT)/Swift4/Info.plist";
				LD_RUNPATH_SEARCH_PATHS = "$(inherited) @executable_path/Frameworks";
				OTHER_SWIFT_FLAGS = "-DSWIFT4";
				PRODUCT_BUNDLE_IDENTIFIER = "com.aguilarpgc.kvo-swift4";
				PRODUCT_NAME = "$(TARGET_NAME)";
				SWIFT_OPTIMIZATION_LEVEL = "-Onone";
				SWIFT_VERSION = 4.0;
				TARGETED_DEVICE_FAMILY = "1,2";
			};
			name = Debug;
		};
		5E793F0920179FB300495830 /* Release */ = {
			isa = XCBuildConfiguration;
			buildSettings = {
				ASSETCATALOG_COMPILER_APPICON_NAME = AppIcon;
				CLANG_ENABLE_MODULES = YES;
				CODE_SIGN_STYLE = Automatic;
				DEVELOPMENT_TEAM = F53VDDUPLX;
				INFOPLIST_FILE = "$(SRCROOT)/Swift4/Info.plist";
				LD_RUNPATH_SEARCH_PATHS = "$(inherited) @executable_path/Frameworks";
				OTHER_SWIFT_FLAGS = "-DSWIFT4";
				PRODUCT_BUNDLE_IDENTIFIER = "com.aguilarpgc.kvo-swift4";
				PRODUCT_NAME = "$(TARGET_NAME)";
				SWIFT_VERSION = 4.0;
				TARGETED_DEVICE_FAMILY = "1,2";
			};
			name = Release;
		};
		5E793F1E2017A02400495830 /* Debug */ = {
			isa = XCBuildConfiguration;
			buildSettings = {
				ASSETCATALOG_COMPILER_APPICON_NAME = AppIcon;
				CLANG_ENABLE_MODULES = YES;
				CODE_SIGN_STYLE = Automatic;
				DEVELOPMENT_TEAM = F53VDDUPLX;
				INFOPLIST_FILE = Swift3/Info.plist;
				LD_RUNPATH_SEARCH_PATHS = "$(inherited) @executable_path/Frameworks";
				OTHER_SWIFT_FLAGS = "-DSWIFT3";
				PRODUCT_BUNDLE_IDENTIFIER = "com.aguilarpgc.kvo-swift3";
				PRODUCT_NAME = "$(TARGET_NAME)";
				SWIFT_OPTIMIZATION_LEVEL = "-Onone";
				SWIFT_VERSION = 3.0;
				TARGETED_DEVICE_FAMILY = "1,2";
			};
			name = Debug;
		};
		5E793F1F2017A02400495830 /* Release */ = {
			isa = XCBuildConfiguration;
			buildSettings = {
				ASSETCATALOG_COMPILER_APPICON_NAME = AppIcon;
				CLANG_ENABLE_MODULES = YES;
				CODE_SIGN_STYLE = Automatic;
				DEVELOPMENT_TEAM = F53VDDUPLX;
				INFOPLIST_FILE = Swift3/Info.plist;
				LD_RUNPATH_SEARCH_PATHS = "$(inherited) @executable_path/Frameworks";
				OTHER_SWIFT_FLAGS = "-DSWIFT3";
				PRODUCT_BUNDLE_IDENTIFIER = "com.aguilarpgc.kvo-swift3";
				PRODUCT_NAME = "$(TARGET_NAME)";
				SWIFT_VERSION = 3.0;
				TARGETED_DEVICE_FAMILY = "1,2";
			};
			name = Release;
		};
/* End XCBuildConfiguration section */

/* Begin XCConfigurationList section */
		5E793EF020179FB300495830 /* Build configuration list for PBXProject "KVO" */ = {
			isa = XCConfigurationList;
			buildConfigurations = (
				5E793F0520179FB300495830 /* Debug */,
				5E793F0620179FB300495830 /* Release */,
			);
			defaultConfigurationIsVisible = 0;
			defaultConfigurationName = Release;
		};
		5E793F0720179FB300495830 /* Build configuration list for PBXNativeTarget "Swift4" */ = {
			isa = XCConfigurationList;
			buildConfigurations = (
				5E793F0820179FB300495830 /* Debug */,
				5E793F0920179FB300495830 /* Release */,
			);
			defaultConfigurationIsVisible = 0;
			defaultConfigurationName = Release;
		};
		5E793F1D2017A02400495830 /* Build configuration list for PBXNativeTarget "Swift3" */ = {
			isa = XCConfigurationList;
			buildConfigurations = (
				5E793F1E2017A02400495830 /* Debug */,
				5E793F1F2017A02400495830 /* Release */,
			);
			defaultConfigurationIsVisible = 0;
			defaultConfigurationName = Release;
		};
/* End XCConfigurationList section */
	};
	rootObject = 5E793EED20179FB300495830 /* Project object */;
}
